{
  "pins" : [
    {
      "identity" : "perfect-regex",
      "kind" : "remoteSourceControl",
      "location" : "https://github.com/PerfectSideRepos/Perfect-RegEx.git",
      "state" : {
        "revision" : "e8b82a0a2fef115e328c7d064df2eab1d0bee5b7",
        "version" : "3.1.4"
      }
    },
    {
      "identity" : "swift-argument-parser",
      "kind" : "remoteSourceControl",
      "location" : "https://github.com/apple/swift-argument-parser",
      "state" : {
        "revision" : "fee6933f37fde9a5e12a1e4aeaa93fe60116ff2a",
        "version" : "1.2.2"
      }
    }
  ],
  "version" : 2
}
