{
  "pins" : [
    {
      "identity" : "collections",
      "kind" : "remoteSourceControl",
      "location" : "https://github.com/DavidSkrundz/Collections.git",
      "state" : {
        "revision" : "b91a26c2222e9215ef3e78ab64efa9f3142d6f3f",
        "version" : "1.1.2"
      }
    },
    {
      "identity" : "regex",
      "kind" : "remoteSourceControl",
      "location" : "https://github.com/DavidSkrundz/Regex",
      "state" : {
        "revision" : "69946aa32a1de7ac4663398e53b1017ddd2691e7",
        "version" : "0.3.0"
      }
    },
    {
      "identity" : "swift-argument-parser",
      "kind" : "remoteSourceControl",
      "location" : "https://github.com/apple/swift-argument-parser",
      "state" : {
        "revision" : "fee6933f37fde9a5e12a1e4aeaa93fe60116ff2a",
        "version" : "1.2.2"
      }
    }
  ],
  "version" : 2
}
